Microsoft Visual Studio Solution File, Format Version 12.00
# Visual Studio Version 17
VisualStudioVersion = 17.5.2.0
MinimumVisualStudioVersion = 10.0.40219.1
Project("{2150E333-8FDC-42A3-9474-1A3956D46DE8}") = "src", "src", "{827E0CD3-B72D-47B6-A68D-7590B98EB39B}"
EndProject
Project("{2150E333-8FDC-42A3-9474-1A3956D46DE8}") = "Api", "Api", "{81034408-37C8-1011-444E-4C15C2FADA8E}"
EndProject
Project("{FAE04EC0-301F-11D3-BF4B-00C04F79EFBC}") = "UrlShortener.Api", "src\Api\UrlShortener.Api.csproj", "{23ABC558-0AC8-B2F6-178B-FBC173878C6C}"
EndProject
Global
	GlobalSection(SolutionConfigurationPlatforms) = preSolution
		Debug|Any CPU = Debug|Any CPU
		Release|Any CPU = Release|Any CPU
	EndGlobalSection
	GlobalSection(ProjectConfigurationPlatforms) = postSolution
		{23ABC558-0AC8-B2F6-178B-FBC173878C6C}.Debug|Any CPU.ActiveCfg = Debug|Any CPU
		{23ABC558-0AC8-B2F6-178B-FBC173878C6C}.Debug|Any CPU.Build.0 = Debug|Any CPU
		{23ABC558-0AC8-B2F6-178B-FBC173878C6C}.Release|Any CPU.ActiveCfg = Release|Any CPU
		{23ABC558-0AC8-B2F6-178B-FBC173878C6C}.Release|Any CPU.Build.0 = Release|Any CPU
	EndGlobalSection
	GlobalSection(SolutionProperties) = preSolution
		HideSolutionNode = FALSE
	EndGlobalSection
	GlobalSection(NestedProjects) = preSolution
		{81034408-37C8-1011-444E-4C15C2FADA8E} = {827E0CD3-B72D-47B6-A68D-7590B98EB39B}
		{23ABC558-0AC8-B2F6-178B-FBC173878C6C} = {81034408-37C8-1011-444E-4C15C2FADA8E}
	EndGlobalSection
	GlobalSection(ExtensibilityGlobals) = postSolution
		SolutionGuid = {05BE8E74-3D57-4BD6-8074-5DA2449C5889}
	EndGlobalSection
EndGlobal
